version = 1
revision = 3
requires-python = ">=3.14"

[[package]]
name = "annotated-types"
version = "0.7.0"
source = { registry = "https://pypi.org/simple" }
sdist = { url = "https://files.pythonhosted.org/packages/ee/67/531ea369ba64dcff5ec9c3402f9f51bf748cec26dde048a2f973a4eea7f5/annotated_types-0.7.0.tar.gz", hash = "sha256:aff07c09a53a08bc8cfccb9c85b05f1aa9a2a6f23728d790723543408344ce89", size = 16081, upload-time = "2024-05-20T21:33:25.928Z" }
wheels = [
    { url = "https://files.pythonhosted.org/packages/78/b6/6307fbef88d9b5ee7421e68d78a9f162e0da4900bc5f5793f6d3d0e34fb8/annotated_types-0.7.0-py3-none-any.whl", hash = "sha256:1f02e8b43a8fbbc3f3e0d4f0f4bfc8131bcb4eebe8849b8e5c773f3a1c582a53", size = 13643, upload-time = "2024-05-20T21:33:24.1Z" },
]

[[package]]
name = "anyio"
version = "4.13.0"
source = { registry = "https://pypi.org/simple" }
dependencies = [
    { name = "idna" },
]
sdist = { url = "https://files.pythonhosted.org/packages/19/14/2c5dd9f512b66549ae92767a9c7b330ae88e1932ca57876909410251fe13/anyio-4.13.0.tar.gz", hash = "sha256:334b70e641fd2221c1505b3890c69882fe4a2df910cba14d97019b90b24439dc", size = 231622, upload-time = "2026-03-24T12:59:09.671Z" }
wheels = [
    { url = "https://files.pythonhosted.org/packages/da/42/e921fccf5015463e32a3cf6ee7f980a6ed0f395ceeaa45060b61d86486c2/anyio-4.13.0-py3-none-any.whl", hash = "sha256:08b310f9e24a9594186fd75b4f73f4a4152069e3853f1ed8bfbf58369f4ad708", size = 114353, upload-time = "2026-03-24T12:59:08.246Z" },
]

[[package]]
name = "certifi"
version = "2026.4.22"
source = { registry = "https://pypi.org/simple" }
sdist = { url = "https://files.pythonhosted.org/packages/25/ee/6caf7a40c36a1220410afe15a1cc64993a1f864871f698c0f93acb72842a/certifi-2026.4.22.tar.gz", hash = "sha256:8d455352a37b71bf76a79caa83a3d6c25afee4a385d632127b6afb3963f1c580", size = 137077, upload-time = "2026-04-22T11:26:11.191Z" }
wheels = [
    { url = "https://files.pythonhosted.org/packages/22/30/7cd8fdcdfbc5b869528b079bfb76dcdf6056b1a2097a662e5e8c04f42965/certifi-2026.4.22-py3-none-any.whl", hash = "sha256:3cb2210c8f88ba2318d29b0388d1023c8492ff72ecdde4ebdaddbb13a31b1c4a", size = 135707, upload-time = "2026-04-22T11:26:09.372Z" },
]

[[package]]
name = "click"
version = "8.3.3"
source = { registry = "https://pypi.org/simple" }
dependencies = [
    { name = "colorama", marker = "sys_platform == 'win32'" },
]
sdist = { url = "https://files.pythonhosted.org/packages/bb/63/f9e1ea081ce35720d8b92acde70daaedace594dc93b693c869e0d5910718/click-8.3.3.tar.gz", hash = "sha256:398329ad4837b2ff7cbe1dd166a4c0f8900c3ca3a218de04466f38f6497f18a2", size = 328061, upload-time = "2026-04-22T15:11:27.506Z" }
wheels = [
    { url = "https://files.pythonhosted.org/packages/ae/44/c1221527f6a71a01ec6fbad7fa78f1d50dfa02217385cf0fa3eec7087d59/click-8.3.3-py3-none-any.whl", hash = "sha256:a2bf429bb3033c89fa4936ffb35d5cb471e3719e1f3c8a7c3fff0b8314305613", size = 110502, upload-time = "2026-04-22T15:11:25.044Z" },
]

[[package]]
name = "colorama"
version = "0.4.6"
source = { registry = "https://pypi.org/simple" }
sdist = { url = "https://files.pythonhosted.org/packages/d8/53/6f443c9a4a8358a93a6792e2acffb9d9d5cb0a5cfd8802644b7b1c9a02e4/colorama-0.4.6.tar.gz", hash = "sha256:08695f5cb7ed6e0531a20572697297273c47b8cae5a63ffc6d6ed5c201be6e44", size = 27697, upload-time = "2022-10-25T02:36:22.414Z" }
wheels = [
    { url = "https://files.pythonhosted.org/packages/d1/d6/3965ed04c63042e047cb6a3e6ed1a63a35087b6a609aa3a15ed8ac56c221/colorama-0.4.6-py2.py3-none-any.whl", hash = "sha256:4f1d9991f5acc0ca119f9d443620b77f9d6b33703e51011c16baf57afb285fc6", size = 25335, upload-time = "2022-10-25T02:36:20.889Z" },
]

[[package]]
name = "genai-prices"
version = "0.0.57"
source = { registry = "https://pypi.org/simple" }
dependencies = [
    { name = "httpx" },
    { name = "pydantic" },
]
sdist = { url = "https://files.pythonhosted.org/packages/be/30/11f3d683cf3b1d9612475ad8bfffe3423ce9f50fc617733109033e73a038/genai_prices-0.0.57.tar.gz", hash = "sha256:6e101e9c53975557ceffa237b0995787d81fe75aac12410f2898504188bcad89", size = 66555, upload-time = "2026-04-21T13:42:52.554Z" }
wheels = [
    { url = "https://files.pythonhosted.org/packages/a9/fe/d0095040c120d97cb63d055224ecd4e913dc5655315c203c8e83bf13aa86/genai_prices-0.0.57-py3-none-any.whl", hash = "sha256:14e50fb69cdc5a06ddb2a6df5a7fe06741b9e44304ce3f1728f56abdf1856cca", size = 69654, upload-time = "2026-04-21T13:42:51.236Z" },
]

[[package]]
name = "greenlet"
version = "3.5.0"
source = { registry = "https://pypi.org/simple" }
sdist = { url = "https://files.pythonhosted.org/packages/3c/3f/dbf99fb14bfeb88c28f16729215478c0e265cacd6dc22270c8f31bb6892f/greenlet-3.5.0.tar.gz", hash = "sha256:d419647372241bc68e957bf38d5c1f98852155e4146bd1e4121adea81f4f01e4", size = 196995, upload-time = "2026-04-27T13:37:15.544Z" }
wheels = [
    { url = "https://files.pythonhosted.org/packages/94/5e/a70f31e3e8d961c4ce589c15b28e4225d63704e431a23932a3808cbcc867/greenlet-3.5.0-cp314-cp314-macosx_11_0_universal2.whl", hash = "sha256:f35807464c4c58c55f0d31dfa83c541a5615d825c2fe3d2b95360cf7c4e3c0a8", size = 285564, upload-time = "2026-04-27T12:23:08.555Z" },
    { url = "https://files.pythonhosted.org/packages/af/a6/046c0a28e21833e4086918218cfb3d8bed51c075a1b700f20b9d7861c0f4/greenlet-3.5.0-cp314-cp314-manylinux_2_24_aarch64.manylinux_2_28_aarch64.whl", hash = "sha256:55fa7ea52771be44af0de27d8b80c02cd18c2c3cddde6c847ecebdf72418b6a1", size = 651166, upload-time = "2026-04-27T12:52:43.644Z" },
    { url = "https://files.pythonhosted.org/packages/47/f8/4af27f71c5ff32a7fbc516adb46370d9c4ae2bc7bd3dc7d066ac542b4b15/greenlet-3.5.0-cp314-cp314-manylinux_2_24_ppc64le.manylinux_2_28_ppc64le.whl", hash = "sha256:a97e4821aa710603f94de0da25f25096454d78ffdace5dc77f3a006bc01abba3", size = 663792, upload-time = "2026-04-27T12:59:44.93Z" },
    { url = "https://files.pythonhosted.org/packages/a3/59/1bd6d7428d6ed9106efbb8c52310c60fd04f6672490f452aeaa3829aa436/greenlet-3.5.0-cp314-cp314-manylinux_2_24_x86_64.manylinux_2_28_x86_64.whl", hash = "sha256:8f52a464e4ed91780bdfbbdd2b97197f3accaa629b98c200f4dffada759f3ae7", size = 660933, upload-time = "2026-04-27T12:25:33.276Z" },
    { url = "https://files.pythonhosted.org/packages/83/e4/b903e5a5fae1e8a28cdd32a0cfbfd560b668c25b692f67768822ddc5f40f/greenlet-3.5.0-cp314-cp314-musllinux_1_2_aarch64.whl", hash = "sha256:762612baf1161ccb8437c0161c668a688223cba28e1bf038f4eb47b13e39ccdf", size = 1618401, upload-time = "2026-04-27T12:53:31.062Z" },
    { url = "https://files.pythonhosted.org/packages/0e/e3/5ec408a329acb854fb607a122e1ee5fb3ff649f9a97952948a90803c0d8e/greenlet-3.5.0-cp314-cp314-musllinux_1_2_x86_64.whl", hash = "sha256:57a43c6079a89713522bc4bcb9f75070ecf5d3dbad7792bfe42239362cbf2a16", size = 1682038, upload-time = "2026-04-27T12:25:31.838Z" },
    { url = "https://files.pythonhosted.org/packages/91/20/6b165108058767ee643c55c5c4904d591a830ee2b3c7dbd359828fbc829f/greenlet-3.5.0-cp314-cp314-win_amd64.whl", hash = "sha256:3bc59be3945ae9750b9e7d45067d01ae3fe90ea5f9ade99239dabdd6e28a5033", size = 239835, upload-time = "2026-04-27T12:24:54.136Z" },
    { url = "https://files.pythonhosted.org/packages/4e/62/1c498375cee177b55d980c1db319f26470e5309e54698c8f8fc06c0fd539/greenlet-3.5.0-cp314-cp314-win_arm64.whl", hash = "sha256:a96fcee45e03fe30a62669fd16ab5c9d3c172660d3085605cb1e2d1280d3c988", size = 236862, upload-time = "2026-04-27T12:23:24.957Z" },
    { url = "https://files.pythonhosted.org/packages/78/a8/4522939255bb5409af4e87132f915446bf3622c2c292d14d3c38d128ae82/greenlet-3.5.0-cp314-cp314t-macosx_11_0_universal2.whl", hash = "sha256:a10a732421ab4fec934783ce3e54763470d0181db6e3468f9103a275c3ed1853", size = 293614, upload-time = "2026-04-27T12:24:12.874Z" },
    { url = "https://files.pythonhosted.org/packages/15/5e/8744c52e2c027b5a8772a01561934c8835f869733e101f62075c60430340/greenlet-3.5.0-cp314-cp314t-manylinux_2_24_aarch64.manylinux_2_28_aarch64.whl", hash = "sha256:7fc391b1566f2907d17aaebe78f8855dc45675159a775fcf9e61f8ee0078e87f", size = 650723, upload-time = "2026-04-27T12:52:45.412Z" },
    { url = "https://files.pythonhosted.org/packages/00/ef/7b4c39c03cf46ceca512c5d3f914afd85aa30b2cc9a93015b0dd73e4be6c/greenlet-3.5.0-cp314-cp314t-manylinux_2_24_ppc64le.manylinux_2_28_ppc64le.whl", hash = "sha256:680bd0e7ad5e8daa8a4aa89f68fd6adc834b8a8036dc256533f7e08f4a4b01f7", size = 656529, upload-time = "2026-04-27T12:59:46.295Z" },
    { url = "https://files.pythonhosted.org/packages/0b/b5/c7768f352f5c010f92064d0063f987e7dc0cd290a6d92a34109015ce4aa1/greenlet-3.5.0-cp314-cp314t-manylinux_2_24_x86_64.manylinux_2_28_x86_64.whl", hash = "sha256:ddb36c7d6c9c0a65f18c7258634e0c416c6ab59caac8c987b96f80c2ebda0112", size = 654364, upload-time = "2026-04-27T12:25:35.64Z" },
    { url = "https://files.pythonhosted.org/packages/ef/d0/079ebe12e4b1fc758857ce5be1a5e73f06870f2101e52611d1e71925ce54/greenlet-3.5.0-cp314-cp314t-musllinux_1_2_aarch64.whl", hash = "sha256:e5ddf316ced87539144621453c3aef229575825fe60c604e62bedc4003f372b2", size = 1614204, upload-time = "2026-04-27T12:53:32.618Z" },
    { url = "https://files.pythonhosted.org/packages/6d/89/6c2fb63df3596552d20e58fb4d96669243388cf680cff222758812c7bfaa/greenlet-3.5.0-cp314-cp314t-musllinux_1_2_x86_64.whl", hash = "sha256:4a448128607be0de65342dc9b31be7f948ef4cc0bc8832069350abefd310a8f2", size = 1675480, upload-time = "2026-04-27T12:25:34.168Z" },
    { url = "https://files.pythonhosted.org/packages/15/32/77ee8a6c1564fc345a491a4e85b3bf360e4cf26eac98c4532d2fdb96e01f/greenlet-3.5.0-cp314-cp314t-win_amd64.whl", hash = "sha256:d60097128cb0a1cab9ea541186ea13cd7b847b8449a7787c2e2350da0cb82d86", size = 245324, upload-time = "2026-04-27T12:24:40.295Z" },
]

[[package]]
name = "griffelib"
version = "2.0.2"
source = { registry = "https://pypi.org/simple" }
sdist = { url = "https://files.pythonhosted.org/packages/9d/82/74f4a3310cdabfbb10da554c3a672847f1ed33c6f61dd472681ce7f1fe67/griffelib-2.0.2.tar.gz", hash = "sha256:3cf20b3bc470e83763ffbf236e0076b1211bac1bc67de13daf494640f2de707e", size = 166461, upload-time = "2026-03-27T11:34:51.091Z" }
wheels = [
    { url = "https://files.pythonhosted.org/packages/11/8c/c9138d881c79aa0ea9ed83cbd58d5ca75624378b38cee225dcf5c42cc91f/griffelib-2.0.2-py3-none-any.whl", hash = "sha256:925c857658fb1ba40c0772c37acbc2ab650bd794d9c1b9726922e36ea4117ea1", size = 142357, upload-time = "2026-03-27T11:34:46.275Z" },
]

[[package]]
name = "h11"
version = "0.16.0"
source = { registry = "https://pypi.org/simple" }
sdist = { url = "https://files.pythonhosted.org/packages/01/ee/02a2c011bdab74c6fb3c75474d40b3052059d95df7e73351460c8588d963/h11-0.16.0.tar.gz", hash = "sha256:4e35b956cf45792e4caa5885e69fba00bdbc6ffafbfa020300e549b208ee5ff1", size = 101250, upload-time = "2025-04-24T03:35:25.427Z" }
wheels = [
    { url = "https://files.pythonhosted.org/packages/04/4b/29cac41a4d98d144bf5f6d33995617b185d14b22401f75ca86f384e87ff1/h11-0.16.0-py3-none-any.whl", hash = "sha256:63cf8bbe7522de3bf65932fda1d9c2772064ffb3dae62d55932da54b31cb6c86", size = 37515, upload-time = "2025-04-24T03:35:24.344Z" },
]

[[package]]
name = "httpcore"
version = "1.0.9"
source = { registry = "https://pypi.org/simple" }
dependencies = [
    { name = "certifi" },
    { name = "h11" },
]
sdist = { url = "https://files.pythonhosted.org/packages/06/94/82699a10bca87a5556c9c59b5963f2d039dbd239f25bc2a63907a05a14cb/httpcore-1.0.9.tar.gz", hash = "sha256:6e34463af53fd2ab5d807f399a9b45ea31c3dfa2276f15a2c3f00afff6e176e8", size = 85484, upload-time = "2025-04-24T22:06:22.219Z" }
wheels = [
    { url = "https://files.pythonhosted.org/packages/7e/f5/f66802a942d491edb555dd61e3a9961140fd64c90bce1eafd741609d334d/httpcore-1.0.9-py3-none-any.whl", hash = "sha256:2d400746a40668fc9dec9810239072b40b4484b640a8c38fd654a024c7a1bf55", size = 78784, upload-time = "2025-04-24T22:06:20.566Z" },
]

[[package]]
name = "httpx"
version = "0.28.1"
source = { registry = "https://pypi.org/simple" }
dependencies = [
    { name = "anyio" },
    { name = "certifi" },
    { name = "httpcore" },
    { name = "idna" },
]
sdist = { url = "https://files.pythonhosted.org/packages/b1/df/48c586a5fe32a0f01324ee087459e112ebb7224f646c0b5023f5e79e9956/httpx-0.28.1.tar.gz", hash = "sha256:75e98c5f16b0f35b567856f597f06ff2270a374470a5c2392242528e3e3e42fc", size = 141406, upload-time = "2024-12-06T15:37:23.222Z" }
wheels = [
    { url = "https://files.pythonhosted.org/packages/2a/39/e50c7c3a983047577ee07d2a9e53faf5a69493943ec3f6a384bdc792deb2/httpx-0.28.1-py3-none-any.whl", hash = "sha256:d909fcccc110f8c7faf814ca82a9a4d816bc5a6dbfea25d6591d6985b8ba59ad", size = 73517, upload-time = "2024-12-06T15:37:21.509Z" },
]

[[package]]
name = "idna"
version = "3.13"
source = { registry = "https://pypi.org/simple" }
sdist = { url = "https://files.pythonhosted.org/packages/ce/cc/762dfb036166873f0059f3b7de4565e1b5bc3d6f28a414c13da27e442f99/idna-3.13.tar.gz", hash = "sha256:585ea8fe5d69b9181ec1afba340451fba6ba764af97026f92a91d4eef164a242", size = 194210, upload-time = "2026-04-22T16:42:42.314Z" }
wheels = [
    { url = "https://files.pythonhosted.org/packages/5d/13/ad7d7ca3808a898b4612b6fe93cde56b53f3034dcde235acb1f0e1df24c6/idna-3.13-py3-none-any.whl", hash = "sha256:892ea0cde124a99ce773decba204c5552b69c3c67ffd5f232eb7696135bc8bb3", size = 68629, upload-time = "2026-04-22T16:42:40.909Z" },
]

[[package]]
name = "importlib-metadata"
version = "8.7.1"
source = { registry = "https://pypi.org/simple" }
dependencies = [
    { name = "zipp" },
]
sdist = { url = "https://files.pythonhosted.org/packages/f3/49/3b30cad09e7771a4982d9975a8cbf64f00d4a1ececb53297f1d9a7be1b10/importlib_metadata-8.7.1.tar.gz", hash = "sha256:49fef1ae6440c182052f407c8d34a68f72efc36db9ca90dc0113398f2fdde8bb", size = 57107, upload-time = "2025-12-21T10:00:19.278Z" }
wheels = [
    { url = "https://files.pythonhosted.org/packages/fa/5e/f8e9a1d23b9c20a551a8a02ea3637b4642e22c2626e3a13a9a29cdea99eb/importlib_metadata-8.7.1-py3-none-any.whl", hash = "sha256:5a1f80bf1daa489495071efbb095d75a634cf28a8bc299581244063b53176151", size = 27865, upload-time = "2025-12-21T10:00:18.329Z" },
]

[[package]]
name = "logfire-api"
version = "4.32.1"
source = { registry = "https://pypi.org/simple" }
sdist = { url = "https://files.pythonhosted.org/packages/58/1b/0c74ad85f977743ba4c589e46e0cb138d6a6e69487830f4e86ebbdb145a3/logfire_api-4.32.1.tar.gz", hash = "sha256:5e8714b2bb5fb5d1f4a4a833941e4ca711b75d2c1f98e76c5ad680fe6991af6a", size = 78788, upload-time = "2026-04-15T14:11:58.788Z" }
wheels = [
    { url = "https://files.pythonhosted.org/packages/0c/ab/d5adeab6253c7ecd5904fc5ef3265859f218610caf4e1e55efe9aff6ac49/logfire_api-4.32.1-py3-none-any.whl", hash = "sha256:4b4c27cf6e27e8e26ef4b22a77f2a2988dd1d07e2d24ee70673ef34b234fb8a5", size = 124394, upload-time = "2026-04-15T14:11:56.157Z" },
]

[[package]]
name = "opentelemetry-api"
version = "1.41.1"
source = { registry = "https://pypi.org/simple" }
dependencies = [
    { name = "importlib-metadata" },
    { name = "typing-extensions" },
]
sdist = { url = "https://files.pythonhosted.org/packages/fa/fc/b7564cbef36601aef0d6c9bc01f7badb64be8e862c2e1c3c5c3b43b53e4f/opentelemetry_api-1.41.1.tar.gz", hash = "sha256:0ad1814d73b875f84494387dae86ce0b12c68556331ce6ce8fe789197c949621", size = 71416, upload-time = "2026-04-24T13:15:38.262Z" }
wheels = [
    { url = "https://files.pythonhosted.org/packages/29/59/3e7118ed140f76b0982ba4321bdaed1997a0473f9720de2d10788a577033/opentelemetry_api-1.41.1-py3-none-any.whl", hash = "sha256:a22df900e75c76dc08440710e51f52f1aa6b451b429298896023e60db5b3139f", size = 69007, upload-time = "2026-04-24T13:15:15.662Z" },
]

[[package]]
name = "pydantic"
version = "2.13.3"
source = { registry = "https://pypi.org/simple" }
dependencies = [
    { name = "annotated-types" },
    { name = "pydantic-core" },
    { name = "typing-extensions" },
    { name = "typing-inspection" },
]
sdist = { url = "https://files.pythonhosted.org/packages/d9/e4/40d09941a2cebcb20609b86a559817d5b9291c49dd6f8c87e5feffbe703a/pydantic-2.13.3.tar.gz", hash = "sha256:af09e9d1d09f4e7fe37145c1f577e1d61ceb9a41924bf0094a36506285d0a84d", size = 844068, upload-time = "2026-04-20T14:46:43.632Z" }
wheels = [
    { url = "https://files.pythonhosted.org/packages/f3/0a/fd7d723f8f8153418fb40cf9c940e82004fce7e987026b08a68a36dd3fe7/pydantic-2.13.3-py3-none-any.whl", hash = "sha256:6db14ac8dfc9a1e57f87ea2c0de670c251240f43cb0c30a5130e9720dc612927", size = 471981, upload-time = "2026-04-20T14:46:41.402Z" },
]

[[package]]
name = "pydantic-ai-slim"
version = "1.89.0"
source = { registry = "https://pypi.org/simple" }
dependencies = [
    { name = "genai-prices" },
    { name = "griffelib" },
    { name = "httpx" },
    { name = "opentelemetry-api" },
    { name = "pydantic" },
    { name = "pydantic-graph" },
    { name = "typing-inspection" },
]
sdist = { url = "https://files.pythonhosted.org/packages/2e/28/02d71ab369bae2cc99e745c46dcddd5e537f35cc693372849dc6f628dad2/pydantic_ai_slim-1.89.0.tar.gz", hash = "sha256:75165d7fa795a89c5ff2300723cd585e900df9b1bebf8b43c43c2b4308b4c08e", size = 597886, upload-time = "2026-05-01T03:20:04.574Z" }
wheels = [
    { url = "https://files.pythonhosted.org/packages/bb/3c/91c79d77ee82fad11cc6e20ba5cfaa9d227ba3c2e862c1334d75ee97f736/pydantic_ai_slim-1.89.0-py3-none-any.whl", hash = "sha256:ea533474152d4ea46a035604fa04b6d898f0a65a08f0417845fdfbb08753d388", size = 755951, upload-time = "2026-05-01T03:19:55.489Z" },
]

[package.optional-dependencies]
web = [
    { name = "httpx" },
    { name = "starlette" },
    { name = "uvicorn" },
]

[[package]]
name = "pydantic-core"
version = "2.46.3"
source = { registry = "https://pypi.org/simple" }
dependencies = [
    { name = "typing-extensions" },
]
sdist = { url = "https://files.pythonhosted.org/packages/2a/ef/f7abb56c49382a246fd2ce9c799691e3c3e7175ec74b14d99e798bcddb1a/pydantic_core-2.46.3.tar.gz", hash = "sha256:41c178f65b8c29807239d47e6050262eb6bf84eb695e41101e62e38df4a5bc2c", size = 471412, upload-time = "2026-04-20T14:40:56.672Z" }
wheels = [
    { url = "https://files.pythonhosted.org/packages/7f/db/a7bcb4940183fda36022cd18ba8dd12f2dff40740ec7b58ce7457befa416/pydantic_core-2.46.3-cp314-cp314-macosx_10_12_x86_64.whl", hash = "sha256:afa3aa644f74e290cdede48a7b0bee37d1c35e71b05105f6b340d484af536d9b", size = 2097614, upload-time = "2026-04-20T14:44:38.374Z" },
    { url = "https://files.pythonhosted.org/packages/24/35/e4066358a22e3e99519db370494c7528f5a2aa1367370e80e27e20283543/pydantic_core-2.46.3-cp314-cp314-macosx_11_0_arm64.whl", hash = "sha256:ced3310e51aa425f7f77da8bbbb5212616655bedbe82c70944320bc1dbe5e018", size = 1951896, upload-time = "2026-04-20T14:40:53.996Z" },
    { url = "https://files.pythonhosted.org/packages/87/92/37cf4049d1636996e4b888c05a501f40a43ff218983a551d57f9d5e14f0d/pydantic_core-2.46.3-cp314-cp314-manylinux_2_17_aarch64.manylinux2014_aarch64.whl", hash = "sha256:e29908922ce9da1a30b4da490bd1d3d82c01dcfdf864d2a74aacee674d0bfa34", size = 1979314, upload-time = "2026-04-20T14:41:49.446Z" },
    { url = "https://files.pythonhosted.org/packages/d8/36/9ff4d676dfbdfb2d591cf43f3d90ded01e15b1404fd101180ed2d62a2fd3/pydantic_core-2.46.3-cp314-cp314-manylinux_2_17_armv7l.manylinux2014_armv7l.whl", hash = "sha256:0c9ff69140423eea8ed2d5477df3ba037f671f5e897d206d921bc9fdc39613e7", size = 2056133, upload-time = "2026-04-20T14:42:23.574Z" },
    { url = "https://files.pythonhosted.org/packages/bc/f0/405b442a4d7ba855b06eec8b2bf9c617d43b8432d099dfdc7bf999293495/pydantic_core-2.46.3-cp314-cp314-manylinux_2_17_ppc64le.manylinux2014_ppc64le.whl", hash = "sha256:b675ab0a0d5b1c8fdb81195dc5bcefea3f3c240871cdd7ff9a2de8aa50772eb2", size = 2228726, upload-time = "2026-04-20T14:44:22.816Z" },
    { url = "https://files.pythonhosted.org/packages/e7/f8/65cd92dd5a0bd89ba277a98ecbfaf6fc36bbd3300973c7a4b826d6ab1391/pydantic_core-2.46.3-cp314-cp314-manylinux_2_17_s390x.manylinux2014_s390x.whl", hash = "sha256:0087084960f209a9a4af50ecd1fb063d9ad3658c07bb81a7a53f452dacbfb2ba", size = 2301214, upload-time = "2026-04-20T14:44:48.792Z" },
    { url = "https://files.pythonhosted.org/packages/fd/86/ef96a4c6e79e7a2d0410826a68fbc0eccc0fd44aa733be199d5fcac3bb87/pydantic_core-2.46.3-cp314-cp314-manylinux_2_17_x86_64.manylinux2014_x86_64.whl", hash = "sha256:ed42e6cc8e1b0e2b9b96e2276bad70ae625d10d6d524aed0c93de974ae029f9f", size = 2099927, upload-time = "2026-04-20T14:41:40.196Z" },
    { url = "https://files.pythonhosted.org/packages/6d/53/269caf30e0096e0a8a8f929d1982a27b3879872cca2d917d17c2f9fdf4fe/pydantic_core-2.46.3-cp314-cp314-manylinux_2_31_riscv64.whl", hash = "sha256:f1771ce258afb3e4201e67d154edbbae712a76a6081079fe247c2f53c6322c22", size = 2128789, upload-time = "2026-04-20T14:41:15.868Z" },
    { url = "https://files.pythonhosted.org/packages/00/b0/1a6d9b6a587e118482910c244a1c5acf4d192604174132efd12bf0ac486f/pydantic_core-2.46.3-cp314-cp314-manylinux_2_5_i686.manylinux1_i686.whl", hash = "sha256:a7610b6a5242a6c736d8ad47fd5fff87fcfe8f833b281b1c409c3d6835d9227f", size = 2173815, upload-time = "2026-04-20T14:44:25.152Z" },
    { url = "https://files.pythonhosted.org/packages/87/56/e7e00d4041a7e62b5a40815590114db3b535bf3ca0bf4dca9f16cef25246/pydantic_core-2.46.3-cp314-cp314-musllinux_1_1_aarch64.whl", hash = "sha256:ff5e7783bcc5476e1db448bf268f11cb257b1c276d3e89f00b5727be86dd0127", size = 2181608, upload-time = "2026-04-20T14:41:28.933Z" },
    { url = "https://files.pythonhosted.org/packages/e8/22/4bd23c3d41f7c185d60808a1de83c76cf5aeabf792f6c636a55c3b1ec7f9/pydantic_core-2.46.3-cp314-cp314-musllinux_1_1_armv7l.whl", hash = "sha256:9d2e32edcc143bc01e95300671915d9ca052d4f745aa0a49c48d4803f8a85f2c", size = 2326968, upload-time = "2026-04-20T14:42:03.962Z" },
    { url = "https://files.pythonhosted.org/packages/24/ac/66cd45129e3915e5ade3b292cb3bc7fd537f58f8f8dbdaba6170f7cabb74/pydantic_core-2.46.3-cp314-cp314-musllinux_1_1_x86_64.whl", hash = "sha256:6e42d83d1c6b87fa56b521479cff237e626a292f3b31b6345c15a99121b454c1", size = 2369842, upload-time = "2026-04-20T14:41:35.52Z" },
    { url = "https://files.pythonhosted.org/packages/a2/51/dd4248abb84113615473aa20d5545b7c4cd73c8644003b5259686f93996c/pydantic_core-2.46.3-cp314-cp314-win32.whl", hash = "sha256:07bc6d2a28c3adb4f7c6ae46aa4f2d2929af127f587ed44057af50bf1ce0f505", size = 1959661, upload-time = "2026-04-20T14:41:00.042Z" },
    { url = "https://files.pythonhosted.org/packages/20/eb/59980e5f1ae54a3b86372bd9f0fa373ea2d402e8cdcd3459334430f91e91/pydantic_core-2.46.3-cp314-cp314-win_amd64.whl", hash = "sha256:8940562319bc621da30714617e6a7eaa6b98c84e8c685bcdc02d7ed5e7c7c44e", size = 2071686, upload-time = "2026-04-20T14:43:16.471Z" },
    { url = "https://files.pythonhosted.org/packages/8c/db/1cf77e5247047dfee34bc01fa9bca134854f528c8eb053e144298893d370/pydantic_core-2.46.3-cp314-cp314-win_arm64.whl", hash = "sha256:5dcbbcf4d22210ced8f837c96db941bdb078f419543472aca5d9a0bb7cddc7df", size = 2026907, upload-time = "2026-04-20T14:43:31.732Z" },
    { url = "https://files.pythonhosted.org/packages/57/c0/b3df9f6a543276eadba0a48487b082ca1f201745329d97dbfa287034a230/pydantic_core-2.46.3-cp314-cp314t-macosx_10_12_x86_64.whl", hash = "sha256:d0fe3dce1e836e418f912c1ad91c73357d03e556a4d286f441bf34fed2dbeecf", size = 2095047, upload-time = "2026-04-20T14:42:37.982Z" },
    { url = "https://files.pythonhosted.org/packages/66/57/886a938073b97556c168fd99e1a7305bb363cd30a6d2c76086bf0587b32a/pydantic_core-2.46.3-cp314-cp314t-macosx_11_0_arm64.whl", hash = "sha256:9ce92e58abc722dac1bf835a6798a60b294e48eb0e625ec9fd994b932ac5feee", size = 1934329, upload-time = "2026-04-20T14:43:49.655Z" },
    { url = "https://files.pythonhosted.org/packages/0b/7c/b42eaa5c34b13b07ecb51da21761297a9b8eb43044c864a035999998f328/pydantic_core-2.46.3-cp314-cp314t-manylinux_2_17_aarch64.manylinux2014_aarch64.whl", hash = "sha256:a03e6467f0f5ab796a486146d1b887b2dc5e5f9b3288898c1b1c3ad974e53e4a", size = 1974847, upload-time = "2026-04-20T14:42:10.737Z" },
    { url = "https://files.pythonhosted.org/packages/e6/9b/92b42db6543e7de4f99ae977101a2967b63122d4b6cf7773812da2d7d5b5/pydantic_core-2.46.3-cp314-cp314t-manylinux_2_17_armv7l.manylinux2014_armv7l.whl", hash = "sha256:2798b6ba041b9d70acfb9071a2ea13c8456dd1e6a5555798e41ba7b0790e329c", size = 2041742, upload-time = "2026-04-20T14:40:44.262Z" },
    { url = "https://files.pythonhosted.org/packages/0f/19/46fbe1efabb5aa2834b43b9454e70f9a83ad9c338c1291e48bdc4fecf167/pydantic_core-2.46.3-cp314-cp314t-manylinux_2_17_ppc64le.manylinux2014_ppc64le.whl", hash = "sha256:9be3e221bdc6d69abf294dcf7aff6af19c31a5cdcc8f0aa3b14be29df4bd03b1", size = 2236235, upload-time = "2026-04-20T14:41:27.307Z" },
    { url = "https://files.pythonhosted.org/packages/77/da/b3f95bc009ad60ec53120f5d16c6faa8cabdbe8a20d83849a1f2b8728148/pydantic_core-2.46.3-cp314-cp314t-manylinux_2_17_s390x.manylinux2014_s390x.whl", hash = "sha256:f13936129ce841f2a5ddf6f126fea3c43cd128807b5a59588c37cf10178c2e64", size = 2282633, upload-time = "2026-04-20T14:44:33.271Z" },
    { url = "https://files.pythonhosted.org/packages/cc/6e/401336117722e28f32fb8220df676769d28ebdf08f2f4469646d404c43a3/pydantic_core-2.46.3-cp314-cp314t-manylinux_2_17_x86_64.manylinux2014_x86_64.whl", hash = "sha256:28b5f2ef03416facccb1c6ef744c69793175fd27e44ef15669201601cf423acb", size = 2109679, upload-time = "2026-04-20T14:44:41.065Z" },
    { url = "https://files.pythonhosted.org/packages/fc/53/b289f9bc8756a32fe718c46f55afaeaf8d489ee18d1a1e7be1db73f42cc4/pydantic_core-2.46.3-cp314-cp314t-manylinux_2_31_riscv64.whl", hash = "sha256:830d1247d77ad23852314f069e9d7ddafeec5f684baf9d7e7065ed46a049c4e6", size = 2108342, upload-time = "2026-04-20T14:42:50.144Z" },
    { url = "https://files.pythonhosted.org/packages/10/5b/8292fc7c1f9111f1b2b7c1b0dcf1179edcd014fc3ea4517499f50b829d71/pydantic_core-2.46.3-cp314-cp314t-manylinux_2_5_i686.manylinux1_i686.whl", hash = "sha256:d0793c90c1a3c74966e7975eaef3ed30ebdff3260a0f815a62a22adc17e4c01c", size = 2157208, upload-time = "2026-04-20T14:42:08.133Z" },
    { url = "https://files.pythonhosted.org/packages/2b/9e/f80044e9ec07580f057a89fc131f78dda7a58751ddf52bbe05eaf31db50f/pydantic_core-2.46.3-cp314-cp314t-musllinux_1_1_aarch64.whl", hash = "sha256:d2d0aead851b66f5245ec0c4fb2612ef457f8bbafefdf65a2bf9d6bac6140f47", size = 2167237, upload-time = "2026-04-20T14:42:25.412Z" },
    { url = "https://files.pythonhosted.org/packages/f8/84/6781a1b037f3b96be9227edbd1101f6d3946746056231bf4ac48cdff1a8d/pydantic_core-2.46.3-cp314-cp314t-musllinux_1_1_armv7l.whl", hash = "sha256:2f40e4246676beb31c5ce77c38a55ca4e465c6b38d11ea1bd935420568e0b1ab", size = 2312540, upload-time = "2026-04-20T14:40:40.313Z" },
    { url = "https://files.pythonhosted.org/packages/3e/db/19c0839feeb728e7df03255581f198dfdf1c2aeb1e174a8420b63c5252e5/pydantic_core-2.46.3-cp314-cp314t-musllinux_1_1_x86_64.whl", hash = "sha256:cf489cf8986c543939aeee17a09c04d6ffb43bfef8ca16fcbcc5cfdcbed24dba", size = 2369556, upload-time = "2026-04-20T14:41:09.427Z" },
    { url = "https://files.pythonhosted.org/packages/e0/15/3228774cb7cd45f5f721ddf1b2242747f4eb834d0c491f0c02d606f09fed/pydantic_core-2.46.3-cp314-cp314t-win32.whl", hash = "sha256:ffe0883b56cfc05798bf994164d2b2ff03efe2d22022a2bb080f3b626176dd56", size = 1949756, upload-time = "2026-04-20T14:41:25.717Z" },
    { url = "https://files.pythonhosted.org/packages/b8/2a/c79cf53fd91e5a87e30d481809f52f9a60dd221e39de66455cf04deaad37/pydantic_core-2.46.3-cp314-cp314t-win_amd64.whl", hash = "sha256:706d9d0ce9cf4593d07270d8e9f53b161f90c57d315aeec4fb4fd7a8b10240d8", size = 2051305, upload-time = "2026-04-20T14:43:18.627Z" },
    { url = "https://files.pythonhosted.org/packages/0b/db/d8182a7f1d9343a032265aae186eb063fe26ca4c40f256b21e8da4498e89/pydantic_core-2.46.3-cp314-cp314t-win_arm64.whl", hash = "sha256:77706aeb41df6a76568434701e0917da10692da28cb69d5fb6919ce5fdb07374", size = 2026310, upload-time = "2026-04-20T14:41:01.778Z" },
]

[[package]]
name = "pydantic-graph"
version = "1.89.0"
source = { registry = "https://pypi.org/simple" }
dependencies = [
    { name = "httpx" },
    { name = "logfire-api" },
    { name = "pydantic" },
    { name = "typing-inspection" },
]
sdist = { url = "https://files.pythonhosted.org/packages/1a/10/ab08c580b9e74996623691c388fe4f280427ed4051e74c49c57ef2dc76cc/pydantic_graph-1.89.0.tar.gz", hash = "sha256:8cbc0d63fe33e51f3c00b9684c8582e1fc63c6dc6c15df58930973e73a2023a3", size = 59253, upload-time = "2026-05-01T03:20:07.417Z" }
wheels = [
    { url = "https://files.pythonhosted.org/packages/04/7b/f14dba664e4ac688e7e30cdedd6110d64436ff5bd879e19aaf20b255e8b1/pydantic_graph-1.89.0-py3-none-any.whl", hash = "sha256:91a92dc7fa3f416547689c0e349cb08e2f170621cf5233c9ee6dc2e4425d300f", size = 73066, upload-time = "2026-05-01T03:19:59.566Z" },
]

[[package]]
name = "python-dotenv"
version = "1.2.2"
source = { registry = "https://pypi.org/simple" }
sdist = { url = "https://files.pythonhosted.org/packages/82/ed/0301aeeac3e5353ef3d94b6ec08bbcabd04a72018415dcb29e588514bba8/python_dotenv-1.2.2.tar.gz", hash = "sha256:2c371a91fbd7ba082c2c1dc1f8bf89ca22564a087c2c287cd9b662adde799cf3", size = 50135, upload-time = "2026-03-01T16:00:26.196Z" }
wheels = [
    { url = "https://files.pythonhosted.org/packages/0b/d7/1959b9648791274998a9c3526f6d0ec8fd2233e4d4acce81bbae76b44b2a/python_dotenv-1.2.2-py3-none-any.whl", hash = "sha256:1d8214789a24de455a8b8bd8ae6fe3c6b69a5e3d64aa8a8e5d68e694bbcb285a", size = 22101, upload-time = "2026-03-01T16:00:25.09Z" },
]

[[package]]
name = "sqlalchemy"
version = "2.0.49"
source = { registry = "https://pypi.org/simple" }
dependencies = [
    { name = "greenlet", marker = "platform_machine == 'AMD64' or platform_machine == 'WIN32' or platform_machine == 'aarch64' or platform_machine == 'amd64' or platform_machine == 'ppc64le' or platform_machine == 'win32' or platform_machine == 'x86_64'" },
    { name = "typing-extensions" },
]
sdist = { url = "https://files.pythonhosted.org/packages/09/45/461788f35e0364a8da7bda51a1fe1b09762d0c32f12f63727998d85a873b/sqlalchemy-2.0.49.tar.gz", hash = "sha256:d15950a57a210e36dd4cec1aac22787e2a4d57ba9318233e2ef8b2daf9ff2d5f", size = 9898221, upload-time = "2026-04-03T16:38:11.704Z" }
wheels = [
    { url = "https://files.pythonhosted.org/packages/55/33/bf28f618c0a9597d14e0b9ee7d1e0622faff738d44fe986ee287cdf1b8d0/sqlalchemy-2.0.49-cp314-cp314-macosx_11_0_arm64.whl", hash = "sha256:233088b4b99ebcbc5258c755a097aa52fbf90727a03a5a80781c4b9c54347a2e", size = 2156356, upload-time = "2026-04-03T16:53:09.914Z" },
    { url = "https://files.pythonhosted.org/packages/d1/a7/5f476227576cb8644650eff68cc35fa837d3802b997465c96b8340ced1e2/sqlalchemy-2.0.49-cp314-cp314-manylinux2014_aarch64.manylinux_2_17_aarch64.manylinux_2_28_aarch64.whl", hash = "sha256:57ca426a48eb2c682dae8204cd89ea8ab7031e2675120a47924fabc7caacbc2a", size = 3276486, upload-time = "2026-04-03T17:07:46.9Z" },
    { url = "https://files.pythonhosted.org/packages/2e/84/efc7c0bf3a1c5eef81d397f6fddac855becdbb11cb38ff957888603014a7/sqlalchemy-2.0.49-cp314-cp314-manylinux2014_x86_64.manylinux_2_17_x86_64.manylinux_2_28_x86_64.whl", hash = "sha256:685e93e9c8f399b0c96a624799820176312f5ceef958c0f88215af4013d29066", size = 3281479, upload-time = "2026-04-03T17:12:32.226Z" },
    { url = "https://files.pythonhosted.org/packages/91/68/bb406fa4257099c67bd75f3f2261b129c63204b9155de0d450b37f004698/sqlalchemy-2.0.49-cp314-cp314-musllinux_1_2_aarch64.whl", hash = "sha256:9e0400fa22f79acc334d9a6b185dc00a44a8e6578aa7e12d0ddcd8434152b187", size = 3226269, upload-time = "2026-04-03T17:07:48.678Z" },
    { url = "https://files.pythonhosted.org/packages/67/84/acb56c00cca9f251f437cb49e718e14f7687505749ea9255d7bd8158a6df/sqlalchemy-2.0.49-cp314-cp314-musllinux_1_2_x86_64.whl", hash = "sha256:a05977bffe9bffd2229f477fa75eabe3192b1b05f408961d1bebff8d1cd4d401", size = 3248260, upload-time = "2026-04-03T17:12:34.381Z" },
    { url = "https://files.pythonhosted.org/packages/56/19/6a20ea25606d1efd7bd1862149bb2a22d1451c3f851d23d887969201633f/sqlalchemy-2.0.49-cp314-cp314-win32.whl", hash = "sha256:0f2fa354ba106eafff2c14b0cc51f22801d1e8b2e4149342023bd6f0955de5f5", size = 2118463, upload-time = "2026-04-03T17:05:47.093Z" },
    { url = "https://files.pythonhosted.org/packages/cf/4f/8297e4ed88e80baa1f5aa3c484a0ee29ef3c69c7582f206c916973b75057/sqlalchemy-2.0.49-cp314-cp314-win_amd64.whl", hash = "sha256:77641d299179c37b89cf2343ca9972c88bb6eef0d5fc504a2f86afd15cd5adf5", size = 2144204, upload-time = "2026-04-03T17:05:48.694Z" },
    { url = "https://files.pythonhosted.org/packages/1f/33/95e7216df810c706e0cd3655a778604bbd319ed4f43333127d465a46862d/sqlalchemy-2.0.49-cp314-cp314t-manylinux2014_aarch64.manylinux_2_17_aarch64.manylinux_2_28_aarch64.whl", hash = "sha256:c1dc3368794d522f43914e03312202523cc89692f5389c32bea0233924f8d977", size = 3565474, upload-time = "2026-04-03T16:58:35.128Z" },
    { url = "https://files.pythonhosted.org/packages/0c/a4/ed7b18d8ccf7f954a83af6bb73866f5bc6f5636f44c7731fbb741f72cc4f/sqlalchemy-2.0.49-cp314-cp314t-manylinux2014_x86_64.manylinux_2_17_x86_64.manylinux_2_28_x86_64.whl", hash = "sha256:7c821c47ecfe05cc32140dcf8dc6fd5d21971c86dbd56eabfe5ba07a64910c01", size = 3530567, upload-time = "2026-04-03T17:06:04.587Z" },
    { url = "https://files.pythonhosted.org/packages/73/a3/20faa869c7e21a827c4a2a42b41353a54b0f9f5e96df5087629c306df71e/sqlalchemy-2.0.49-cp314-cp314t-musllinux_1_2_aarch64.whl", hash = "sha256:9c04bff9a5335eb95c6ecf1c117576a0aa560def274876fd156cfe5510fccc61", size = 3474282, upload-time = "2026-04-03T16:58:37.131Z" },
    { url = "https://files.pythonhosted.org/packages/b7/50/276b9a007aa0764304ad467eceb70b04822dc32092492ee5f322d559a4dc/sqlalchemy-2.0.49-cp314-cp314t-musllinux_1_2_x86_64.whl", hash = "sha256:7f605a456948c35260e7b2a39f8952a26f077fd25653c37740ed186b90aaa68a", size = 3480406, upload-time = "2026-04-03T17:06:07.176Z" },
    { url = "https://files.pythonhosted.org/packages/e5/c3/c80fcdb41905a2df650c2a3e0337198b6848876e63d66fe9188ef9003d24/sqlalchemy-2.0.49-cp314-cp314t-win32.whl", hash = "sha256:6270d717b11c5476b0cbb21eedc8d4dbb7d1a956fd6c15a23e96f197a6193158", size = 2149151, upload-time = "2026-04-03T17:02:07.281Z" },
    { url = "https://files.pythonhosted.org/packages/05/52/9f1a62feab6ed368aff068524ff414f26a6daebc7361861035ae00b05530/sqlalchemy-2.0.49-cp314-cp314t-win_amd64.whl", hash = "sha256:275424295f4256fd301744b8f335cff367825d270f155d522b30c7bf49903ee7", size = 2184178, upload-time = "2026-04-03T17:02:08.623Z" },
    { url = "https://files.pythonhosted.org/packages/e5/30/8519fdde58a7bdf155b714359791ad1dc018b47d60269d5d160d311fdc36/sqlalchemy-2.0.49-py3-none-any.whl", hash = "sha256:ec44cfa7ef1a728e88ad41674de50f6db8cfdb3e2af84af86e0041aaf02d43d0", size = 1942158, upload-time = "2026-04-03T16:53:44.135Z" },
]

[[package]]
name = "starlette"
version = "1.0.0"
source = { registry = "https://pypi.org/simple" }
dependencies = [
    { name = "anyio" },
]
sdist = { url = "https://files.pythonhosted.org/packages/81/69/17425771797c36cded50b7fe44e850315d039f28b15901ab44839e70b593/starlette-1.0.0.tar.gz", hash = "sha256:6a4beaf1f81bb472fd19ea9b918b50dc3a77a6f2e190a12954b25e6ed5eea149", size = 2655289, upload-time = "2026-03-22T18:29:46.779Z" }
wheels = [
    { url = "https://files.pythonhosted.org/packages/0b/c9/584bc9651441b4ba60cc4d557d8a547b5aff901af35bda3a4ee30c819b82/starlette-1.0.0-py3-none-any.whl", hash = "sha256:d3ec55e0bb321692d275455ddfd3df75fff145d009685eb40dc91fc66b03d38b", size = 72651, upload-time = "2026-03-22T18:29:45.111Z" },
]

[[package]]
name = "travel-planner-ai-agent"
version = "0.1.0"
source = { virtual = "." }
dependencies = [
    { name = "pydantic" },
    { name = "pydantic-ai-slim", extra = ["web"] },
    { name = "python-dotenv" },
    { name = "sqlalchemy" },
]

[package.metadata]
requires-dist = [
    { name = "pydantic", specifier = ">=2.13.3" },
    { name = "pydantic-ai-slim", extras = ["web"], specifier = ">=1.89.0" },
    { name = "python-dotenv", specifier = ">=1.2.2" },
    { name = "sqlalchemy", specifier = ">=2.0.49" },
]

[[package]]
name = "typing-extensions"
version = "4.15.0"
source = { registry = "https://pypi.org/simple" }
sdist = { url = "https://files.pythonhosted.org/packages/72/94/1a15dd82efb362ac84269196e94cf00f187f7ed21c242792a923cdb1c61f/typing_extensions-4.15.0.tar.gz", hash = "sha256:0cea48d173cc12fa28ecabc3b837ea3cf6f38c6d1136f85cbaaf598984861466", size = 109391, upload-time = "2025-08-25T13:49:26.313Z" }
wheels = [
    { url = "https://files.pythonhosted.org/packages/18/67/36e9267722cc04a6b9f15c7f3441c2363321a3ea07da7ae0c0707beb2a9c/typing_extensions-4.15.0-py3-none-any.whl", hash = "sha256:f0fa19c6845758ab08074a0cfa8b7aecb71c999ca73d62883bc25cc018c4e548", size = 44614, upload-time = "2025-08-25T13:49:24.86Z" },
]

[[package]]
name = "typing-inspection"
version = "0.4.2"
source = { registry = "https://pypi.org/simple" }
dependencies = [
    { name = "typing-extensions" },
]
sdist = { url = "https://files.pythonhosted.org/packages/55/e3/70399cb7dd41c10ac53367ae42139cf4b1ca5f36bb3dc6c9d33acdb43655/typing_inspection-0.4.2.tar.gz", hash = "sha256:ba561c48a67c5958007083d386c3295464928b01faa735ab8547c5692e87f464", size = 75949, upload-time = "2025-10-01T02:14:41.687Z" }
wheels = [
    { url = "https://files.pythonhosted.org/packages/dc/9b/47798a6c91d8bdb567fe2698fe81e0c6b7cb7ef4d13da4114b41d239f65d/typing_inspection-0.4.2-py3-none-any.whl", hash = "sha256:4ed1cacbdc298c220f1bd249ed5287caa16f34d44ef4e9c3d0cbad5b521545e7", size = 14611, upload-time = "2025-10-01T02:14:40.154Z" },
]

[[package]]
name = "uvicorn"
version = "0.46.0"
source = { registry = "https://pypi.org/simple" }
dependencies = [
    { name = "click" },
    { name = "h11" },
]
sdist = { url = "https://files.pythonhosted.org/packages/1f/93/041fca8274050e40e6791f267d82e0e2e27dd165627bd640d3e0e378d877/uvicorn-0.46.0.tar.gz", hash = "sha256:fb9da0926999cc6cb22dc7cd71a94a632f078e6ae47ff683c5c420750fb7413d", size = 88758, upload-time = "2026-04-23T07:16:00.151Z" }
wheels = [
    { url = "https://files.pythonhosted.org/packages/31/a3/5b1562db76a5a488274b2332a97199b32d0442aca0ed193697fd47786316/uvicorn-0.46.0-py3-none-any.whl", hash = "sha256:bbebbcbed972d162afca128605223022bedd345b7bc7855ce66deb31487a9048", size = 70926, upload-time = "2026-04-23T07:15:58.355Z" },
]

[[package]]
name = "zipp"
version = "3.23.1"
source = { registry = "https://pypi.org/simple" }
sdist = { url = "https://files.pythonhosted.org/packages/30/21/093488dfc7cc8964ded15ab726fad40f25fd3d788fd741cc1c5a17d78ee8/zipp-3.23.1.tar.gz", hash = "sha256:32120e378d32cd9714ad503c1d024619063ec28aad2248dc6672ad13edfa5110", size = 25965, upload-time = "2026-04-13T23:21:46.6Z" }
wheels = [
    { url = "https://files.pythonhosted.org/packages/08/8a/0861bec20485572fbddf3dfba2910e38fe249796cb73ecdeb74e07eeb8d3/zipp-3.23.1-py3-none-any.whl", hash = "sha256:0b3596c50a5c700c9cb40ba8d86d9f2cc4807e9bedb06bcdf7fac85633e444dc", size = 10378, upload-time = "2026-04-13T23:21:45.386Z" },
]
